
Microsoft Visual Studio Solution File, Format Version 12.00
# Visual Studio Express 2012 for Web
Project("{FAE04EC0-301F-11D3-BF4B-00C04F79EFBC}") = "MVC_jQuery_AutoComplete", "MVC_jQuery_AutoComplete\MVC_jQuery_AutoComplete.csproj", "{FF35C8A3-C0E9-4A7E-BF6C-43BBE813E751}"
EndProject
Project("{2150E333-8FDC-42A3-9474-1A3956D46DE8}") = ".nuget", ".nuget", "{87292860-A3E7-41B1-8F2E-64DB95331AD1}"
	ProjectSection(SolutionItems) = preProject
		.nuget\NuGet.Config = .nuget\NuGet.Config
		.nuget\NuGet.exe = .nuget\NuGet.exe
		.nuget\NuGet.targets = .nuget\NuGet.targets
	EndProjectSection
EndProject
Global
	GlobalSection(SolutionConfigurationPlatforms) = preSolution
		Debug|Any CPU = Debug|Any CPU
		Release|Any CPU = Release|Any CPU
	EndGlobalSection
	GlobalSection(ProjectConfigurationPlatforms) = postSolution
		{FF35C8A3-C0E9-4A7E-BF6C-43BBE813E751}.Debug|Any CPU.ActiveCfg = Debug|Any CPU
		{FF35C8A3-C0E9-4A7E-BF6C-43BBE813E751}.Debug|Any CPU.Build.0 = Debug|Any CPU
		{FF35C8A3-C0E9-4A7E-BF6C-43BBE813E751}.Release|Any CPU.ActiveCfg = Release|Any CPU
		{FF35C8A3-C0E9-4A7E-BF6C-43BBE813E751}.Release|Any CPU.Build.0 = Release|Any CPU
	EndGlobalSection
	GlobalSection(SolutionProperties) = preSolution
		HideSolutionNode = FALSE
	EndGlobalSection
EndGlobal
